{
  "name": "rakshithaevangeline-palindrome",
  "version": "0.1.0",
  "lockfileVersion": 2,
  "requires": true,
  "packages": {
    "": {
      "name": "rakshithaevangeline-palindrome",
      "version": "0.1.0",
      "license": "ISC",
      "dependencies": {
        "rakshithaevangeline-palindrome": "^0.1.0"
      }
    },
    "node_modules/rakshithaevangeline-palindrome": {
      "version": "0.1.0",
      "resolved": "https://registry.npmjs.org/rakshithaevangeline-palindrome/-/rakshithaevangeline-palindrome-0.1.0.tgz",
      "integrity": "sha512-lKRRQlTzIAc+DdWixDmkzWPUU/gAoAU9xzKD2Lc/WQ8F014wNbis1D1J5Dko4CxUl/SYavGm9Bh3weRkfEQFyw=="
    }
  },
  "dependencies": {
    "rakshithaevangeline-palindrome": {
      "version": "0.1.0",
      "resolved": "https://registry.npmjs.org/rakshithaevangeline-palindrome/-/rakshithaevangeline-palindrome-0.1.0.tgz",
      "integrity": "sha512-lKRRQlTzIAc+DdWixDmkzWPUU/gAoAU9xzKD2Lc/WQ8F014wNbis1D1J5Dko4CxUl/SYavGm9Bh3weRkfEQFyw=="
    }
  }
}
